
Microsoft Visual Studio Solution File, Format Version 12.00
# Visual Studio Version 17
VisualStudioVersion = 17.14.37203.1 d17.14
MinimumVisualStudioVersion = 10.0.40219.1
Project("{FAE04EC0-301F-11D3-BF4B-00C04F79EFBC}") = "MVC", "MVC\MVC.csproj", "{37A64722-502F-40AA-86AD-5A3C99800260}"
EndProject
Global
	GlobalSection(SolutionConfigurationPlatforms) = preSolution
		Debug|Any CPU = Debug|Any CPU
		Release|Any CPU = Release|Any CPU
	EndGlobalSection
	GlobalSection(ProjectConfigurationPlatforms) = postSolution
		{37A64722-502F-40AA-86AD-5A3C99800260}.Debug|Any CPU.ActiveCfg = Debug|Any CPU
		{37A64722-502F-40AA-86AD-5A3C99800260}.Debug|Any CPU.Build.0 = Debug|Any CPU
		{37A64722-502F-40AA-86AD-5A3C99800260}.Release|Any CPU.ActiveCfg = Release|Any CPU
		{37A64722-502F-40AA-86AD-5A3C99800260}.Release|Any CPU.Build.0 = Release|Any CPU
	EndGlobalSection
	GlobalSection(SolutionProperties) = preSolution
		HideSolutionNode = FALSE
	EndGlobalSection
	GlobalSection(ExtensibilityGlobals) = postSolution
		SolutionGuid = {F878192C-D683-4E8D-B428-3494C99A311C}
	EndGlobalSection
EndGlobal
